
Microsoft Visual Studio Solution File, Format Version 12.00
# Visual Studio 2013
VisualStudioVersion = 12.0.30110.0
MinimumVisualStudioVersion = 10.0.40219.1
Project("{F2A71F9B-5D33-465A-A702-920D77279786}") = "Harvester", "Harvester\Harvester.fsproj", "{3A9C4204-8A51-44E5-A18D-B664D3A03DFD}"
EndProject
Project("{2150E333-8FDC-42A3-9474-1A3956D46DE8}") = ".nuget", ".nuget", "{E6118AFB-4DA4-407C-ADB2-E8C4719B0050}"
	ProjectSection(SolutionItems) = preProject
		.nuget\NuGet.Config = .nuget\NuGet.Config
		.nuget\NuGet.exe = .nuget\NuGet.exe
		.nuget\NuGet.targets = .nuget\NuGet.targets
	EndProjectSection
EndProject
Project("{F2A71F9B-5D33-465A-A702-920D77279786}") = "Harvester.Tests", "Harvester.Tests\Harvester.Tests.fsproj", "{CD528835-5D58-4524-B718-142A08A0F64A}"
EndProject
Global
	GlobalSection(SolutionConfigurationPlatforms) = preSolution
		Debug|Any CPU = Debug|Any CPU
		Release|Any CPU = Release|Any CPU
	EndGlobalSection
	GlobalSection(ProjectConfigurationPlatforms) = postSolution
		{3A9C4204-8A51-44E5-A18D-B664D3A03DFD}.Debug|Any CPU.ActiveCfg = Debug|Any CPU
		{3A9C4204-8A51-44E5-A18D-B664D3A03DFD}.Debug|Any CPU.Build.0 = Debug|Any CPU
		{3A9C4204-8A51-44E5-A18D-B664D3A03DFD}.Release|Any CPU.ActiveCfg = Release|Any CPU
		{3A9C4204-8A51-44E5-A18D-B664D3A03DFD}.Release|Any CPU.Build.0 = Release|Any CPU
		{CD528835-5D58-4524-B718-142A08A0F64A}.Debug|Any CPU.ActiveCfg = Debug|Any CPU
		{CD528835-5D58-4524-B718-142A08A0F64A}.Debug|Any CPU.Build.0 = Debug|Any CPU
		{CD528835-5D58-4524-B718-142A08A0F64A}.Release|Any CPU.ActiveCfg = Release|Any CPU
		{CD528835-5D58-4524-B718-142A08A0F64A}.Release|Any CPU.Build.0 = Release|Any CPU
	EndGlobalSection
	GlobalSection(SolutionProperties) = preSolution
		HideSolutionNode = FALSE
	EndGlobalSection
EndGlobal
